
Microsoft Visual Studio Solution File, Format Version 12.00
# Visual Studio 15
VisualStudioVersion = 15.0.26124.0
MinimumVisualStudioVersion = 15.0.26124.0
Project("{FAE04EC0-301F-11D3-BF4B-00C04F79EFBC}") = "EFLocado.Domain", "EFLocado.Domain\EFLocado.Domain.csproj", "{AD36F8ED-BA5F-4214-BF0B-C77A0CF653C3}"
EndProject
Project("{FAE04EC0-301F-11D3-BF4B-00C04F79EFBC}") = "EFLocado.Api", "EFLocado.Api\EFLocado.Api.csproj", "{D010BAD0-DF3D-40C2-925F-EA43128A42B9}"
EndProject
Project("{FAE04EC0-301F-11D3-BF4B-00C04F79EFBC}") = "EFLocado.Infra", "EFLocado.Infra\EFLocado.Infra.csproj", "{0F78AA2F-F689-4FC6-A474-78309AB5BFCE}"
EndProject
Global
	GlobalSection(SolutionConfigurationPlatforms) = preSolution
		Debug|Any CPU = Debug|Any CPU
		Debug|x64 = Debug|x64
		Debug|x86 = Debug|x86
		Release|Any CPU = Release|Any CPU
		Release|x64 = Release|x64
		Release|x86 = Release|x86
	EndGlobalSection
	GlobalSection(SolutionProperties) = preSolution
		HideSolutionNode = FALSE
	EndGlobalSection
	GlobalSection(ProjectConfigurationPlatforms) = postSolution
		{AD36F8ED-BA5F-4214-BF0B-C77A0CF653C3}.Debug|Any CPU.ActiveCfg = Debug|Any CPU
		{AD36F8ED-BA5F-4214-BF0B-C77A0CF653C3}.Debug|Any CPU.Build.0 = Debug|Any CPU
		{AD36F8ED-BA5F-4214-BF0B-C77A0CF653C3}.Debug|x64.ActiveCfg = Debug|Any CPU
		{AD36F8ED-BA5F-4214-BF0B-C77A0CF653C3}.Debug|x64.Build.0 = Debug|Any CPU
		{AD36F8ED-BA5F-4214-BF0B-C77A0CF653C3}.Debug|x86.ActiveCfg = Debug|Any CPU
		{AD36F8ED-BA5F-4214-BF0B-C77A0CF653C3}.Debug|x86.Build.0 = Debug|Any CPU
		{AD36F8ED-BA5F-4214-BF0B-C77A0CF653C3}.Release|Any CPU.ActiveCfg = Release|Any CPU
		{AD36F8ED-BA5F-4214-BF0B-C77A0CF653C3}.Release|Any CPU.Build.0 = Release|Any CPU
		{AD36F8ED-BA5F-4214-BF0B-C77A0CF653C3}.Release|x64.ActiveCfg = Release|Any CPU
		{AD36F8ED-BA5F-4214-BF0B-C77A0CF653C3}.Release|x64.Build.0 = Release|Any CPU
		{AD36F8ED-BA5F-4214-BF0B-C77A0CF653C3}.Release|x86.ActiveCfg = Release|Any CPU
		{AD36F8ED-BA5F-4214-BF0B-C77A0CF653C3}.Release|x86.Build.0 = Release|Any CPU
		{D010BAD0-DF3D-40C2-925F-EA43128A42B9}.Debug|Any CPU.ActiveCfg = Debug|Any CPU
		{D010BAD0-DF3D-40C2-925F-EA43128A42B9}.Debug|Any CPU.Build.0 = Debug|Any CPU
		{D010BAD0-DF3D-40C2-925F-EA43128A42B9}.Debug|x64.ActiveCfg = Debug|Any CPU
		{D010BAD0-DF3D-40C2-925F-EA43128A42B9}.Debug|x64.Build.0 = Debug|Any CPU
		{D010BAD0-DF3D-40C2-925F-EA43128A42B9}.Debug|x86.ActiveCfg = Debug|Any CPU
		{D010BAD0-DF3D-40C2-925F-EA43128A42B9}.Debug|x86.Build.0 = Debug|Any CPU
		{D010BAD0-DF3D-40C2-925F-EA43128A42B9}.Release|Any CPU.ActiveCfg = Release|Any CPU
		{D010BAD0-DF3D-40C2-925F-EA43128A42B9}.Release|Any CPU.Build.0 = Release|Any CPU
		{D010BAD0-DF3D-40C2-925F-EA43128A42B9}.Release|x64.ActiveCfg = Release|Any CPU
		{D010BAD0-DF3D-40C2-925F-EA43128A42B9}.Release|x64.Build.0 = Release|Any CPU
		{D010BAD0-DF3D-40C2-925F-EA43128A42B9}.Release|x86.ActiveCfg = Release|Any CPU
		{D010BAD0-DF3D-40C2-925F-EA43128A42B9}.Release|x86.Build.0 = Release|Any CPU
		{0F78AA2F-F689-4FC6-A474-78309AB5BFCE}.Debug|Any CPU.ActiveCfg = Debug|Any CPU
		{0F78AA2F-F689-4FC6-A474-78309AB5BFCE}.Debug|Any CPU.Build.0 = Debug|Any CPU
		{0F78AA2F-F689-4FC6-A474-78309AB5BFCE}.Debug|x64.ActiveCfg = Debug|Any CPU
		{0F78AA2F-F689-4FC6-A474-78309AB5BFCE}.Debug|x64.Build.0 = Debug|Any CPU
		{0F78AA2F-F689-4FC6-A474-78309AB5BFCE}.Debug|x86.ActiveCfg = Debug|Any CPU
		{0F78AA2F-F689-4FC6-A474-78309AB5BFCE}.Debug|x86.Build.0 = Debug|Any CPU
		{0F78AA2F-F689-4FC6-A474-78309AB5BFCE}.Release|Any CPU.ActiveCfg = Release|Any CPU
		{0F78AA2F-F689-4FC6-A474-78309AB5BFCE}.Release|Any CPU.Build.0 = Release|Any CPU
		{0F78AA2F-F689-4FC6-A474-78309AB5BFCE}.Release|x64.ActiveCfg = Release|Any CPU
		{0F78AA2F-F689-4FC6-A474-78309AB5BFCE}.Release|x64.Build.0 = Release|Any CPU
		{0F78AA2F-F689-4FC6-A474-78309AB5BFCE}.Release|x86.ActiveCfg = Release|Any CPU
		{0F78AA2F-F689-4FC6-A474-78309AB5BFCE}.Release|x86.Build.0 = Release|Any CPU
	EndGlobalSection
EndGlobal
